// !$*UTF8*$!
{
	archiveVersion = 1;
	classes = {
	};
	objectVersion = 50;
	objects = {

/* Begin PBXBuildFile section */
		738BD2CE2234A76E007D94D9 /* AppDelegate.swift in Sources */ = {isa = PBXBuildFile; fileRef = 738BD2CD2234A76E007D94D9 /* AppDelegate.swift */; };
		738BD2D02234A76E007D94D9 /* ViewController.swift in Sources */ = {isa = PBXBuildFile; fileRef = 738BD2CF2234A76E007D94D9 /* ViewController.swift */; };
		738BD2D32234A76E007D94D9 /* Main.storyboard in Resources */ = {isa = PBXBuildFile; fileRef = 738BD2D12234A76E007D94D9 /* Main.storyboard */; };
		738BD2D62234A76E007D94D9 /* MyTodosAppSyncApp.xcdatamodeld in Sources */ = {isa = PBXBuildFile; fileRef = 738BD2D42234A76E007D94D9 /* MyTodosAppSyncApp.xcdatamodeld */; };
		738BD2D82234A771007D94D9 /* Assets.xcassets in Resources */ = {isa = PBXBuildFile; fileRef = 738BD2D72234A771007D94D9 /* Assets.xcassets */; };
		738BD2DB2234A771007D94D9 /* LaunchScreen.storyboard in Resources */ = {isa = PBXBuildFile; fileRef = 738BD2D92234A771007D94D9 /* LaunchScreen.storyboard */; };
		738BD2E62234A771007D94D9 /* MyTodosAppSyncAppTests.swift in Sources */ = {isa = PBXBuildFile; fileRef = 738BD2E52234A771007D94D9 /* MyTodosAppSyncAppTests.swift */; };
		738BD2F12234A771007D94D9 /* MyTodosAppSyncAppUITests.swift in Sources */ = {isa = PBXBuildFile; fileRef = 738BD2F02234A771007D94D9 /* MyTodosAppSyncAppUITests.swift */; };
/* End PBXBuildFile section */

/* Begin PBXContainerItemProxy section */
		738BD2E22234A771007D94D9 /* PBXContainerItemProxy */ = {
			isa = PBXContainerItemProxy;
			containerPortal = 738BD2C22234A76E007D94D9 /* Project object */;
			proxyType = 1;
			remoteGlobalIDString = 738BD2C92234A76E007D94D9;
			remoteInfo = MyTodosAppSyncApp;
		};
		738BD2ED2234A771007D94D9 /* PBXContainerItemProxy */ = {
			isa = PBXContainerItemProxy;
			containerPortal = 738BD2C22234A76E007D94D9 /* Project object */;
			proxyType = 1;
			remoteGlobalIDString = 738BD2C92234A76E007D94D9;
			remoteInfo = MyTodosAppSyncApp;
		};
/* End PBXContainerItemProxy section */

/* Begin PBXFileReference section */
		738BD2CA2234A76E007D94D9 /* MyTodosAppSyncApp.app */ = {isa = PBXFileReference; explicitFileType = wrapper.application; includeInIndex = 0; path = MyTodosAppSyncApp.app; sourceTree = BUILT_PRODUCTS_DIR; };
		738BD2CD2234A76E007D94D9 /* AppDelegate.swift */ = {isa = PBXFileReference; lastKnownFileType = sourcecode.swift; path = AppDelegate.swift; sourceTree = "<group>"; };
		738BD2CF2234A76E007D94D9 /* ViewController.swift */ = {isa = PBXFileReference; lastKnownFileType = sourcecode.swift; path = ViewController.swift; sourceTree = "<group>"; };
		738BD2D22234A76E007D94D9 /* Base */ = {isa = PBXFileReference; lastKnownFileType = file.storyboard; name = Base; path = Base.lproj/Main.storyboard; sourceTree = "<group>"; };
		738BD2D52234A76E007D94D9 /* MyTodosAppSyncApp.xcdatamodel */ = {isa = PBXFileReference; lastKnownFileType = wrapper.xcdatamodel; path = MyTodosAppSyncApp.xcdatamodel; sourceTree = "<group>"; };
		738BD2D72234A771007D94D9 /* Assets.xcassets */ = {isa = PBXFileReference; lastKnownFileType = folder.assetcatalog; path = Assets.xcassets; sourceTree = "<group>"; };
		738BD2DA2234A771007D94D9 /* Base */ = {isa = PBXFileReference; lastKnownFileType = file.storyboard; name = Base; path = Base.lproj/LaunchScreen.storyboard; sourceTree = "<group>"; };
		738BD2DC2234A771007D94D9 /* Info.plist */ = {isa = PBXFileReference; lastKnownFileType = text.plist.xml; path = Info.plist; sourceTree = "<group>"; };
		738BD2E12234A771007D94D9 /* MyTodosAppSyncAppTests.xctest */ = {isa = PBXFileReference; explicitFileType = wrapper.cfbundle; includeInIndex = 0; path = MyTodosAppSyncAppTests.xctest; sourceTree = BUILT_PRODUCTS_DIR; };
		738BD2E52234A771007D94D9 /* MyTodosAppSyncAppTests.swift */ = {isa = PBXFileReference; lastKnownFileType = sourcecode.swift; path = MyTodosAppSyncAppTests.swift; sourceTree = "<group>"; };
		738BD2E72234A771007D94D9 /* Info.plist */ = {isa = PBXFileReference; lastKnownFileType = text.plist.xml; path = Info.plist; sourceTree = "<group>"; };
		738BD2EC2234A771007D94D9 /* MyTodosAppSyncAppUITests.xctest */ = {isa = PBXFileReference; explicitFileType = wrapper.cfbundle; includeInIndex = 0; path = MyTodosAppSyncAppUITests.xctest; sourceTree = BUILT_PRODUCTS_DIR; };
		738BD2F02234A771007D94D9 /* MyTodosAppSyncAppUITests.swift */ = {isa = PBXFileReference; lastKnownFileType = sourcecode.swift; path = MyTodosAppSyncAppUITests.swift; sourceTree = "<group>"; };
		738BD2F22234A771007D94D9 /* Info.plist */ = {isa = PBXFileReference; lastKnownFileType = text.plist.xml; path = Info.plist; sourceTree = "<group>"; };
/* End PBXFileReference section */

/* Begin PBXFrameworksBuildPhase section */
		738BD2C72234A76E007D94D9 /* Frameworks */ = {
			isa = PBXFrameworksBuildPhase;
			buildActionMask = 2147483647;
			files = (
			);
			runOnlyForDeploymentPostprocessing = 0;
		};
		738BD2DE2234A771007D94D9 /* Frameworks */ = {
			isa = PBXFrameworksBuildPhase;
			buildActionMask = 2147483647;
			files = (
			);
			runOnlyForDeploymentPostprocessing = 0;
		};
		738BD2E92234A771007D94D9 /* Frameworks */ = {
			isa = PBXFrameworksBuildPhase;
			buildActionMask = 2147483647;
			files = (
			);
			runOnlyForDeploymentPostprocessing = 0;
		};
/* End PBXFrameworksBuildPhase section */

/* Begin PBXGroup section */
		738BD2C12234A76E007D94D9 = {
			isa = PBXGroup;
			children = (
				738BD2CC2234A76E007D94D9 /* MyTodosAppSyncApp */,
				738BD2E42234A771007D94D9 /* MyTodosAppSyncAppTests */,
				738BD2EF2234A771007D94D9 /* MyTodosAppSyncAppUITests */,
				738BD2CB2234A76E007D94D9 /* Products */,
			);
			sourceTree = "<group>";
		};
		738BD2CB2234A76E007D94D9 /* Products */ = {
			isa = PBXGroup;
			children = (
				738BD2CA2234A76E007D94D9 /* MyTodosAppSyncApp.app */,
				738BD2E12234A771007D94D9 /* MyTodosAppSyncAppTests.xctest */,
				738BD2EC2234A771007D94D9 /* MyTodosAppSyncAppUITests.xctest */,
			);
			name = Products;
			sourceTree = "<group>";
		};
		738BD2CC2234A76E007D94D9 /* MyTodosAppSyncApp */ = {
			isa = PBXGroup;
			children = (
				738BD2CD2234A76E007D94D9 /* AppDelegate.swift */,
				738BD2CF2234A76E007D94D9 /* ViewController.swift */,
				738BD2D12234A76E007D94D9 /* Main.storyboard */,
				738BD2D72234A771007D94D9 /* Assets.xcassets */,
				738BD2D92234A771007D94D9 /* LaunchScreen.storyboard */,
				738BD2DC2234A771007D94D9 /* Info.plist */,
				738BD2D42234A76E007D94D9 /* MyTodosAppSyncApp.xcdatamodeld */,
			);
			path = MyTodosAppSyncApp;
			sourceTree = "<group>";
		};
		738BD2E42234A771007D94D9 /* MyTodosAppSyncAppTests */ = {
			isa = PBXGroup;
			children = (
				738BD2E52234A771007D94D9 /* MyTodosAppSyncAppTests.swift */,
				738BD2E72234A771007D94D9 /* Info.plist */,
			);
			path = MyTodosAppSyncAppTests;
			sourceTree = "<group>";
		};
		738BD2EF2234A771007D94D9 /* MyTodosAppSyncAppUITests */ = {
			isa = PBXGroup;
			children = (
				738BD2F02234A771007D94D9 /* MyTodosAppSyncAppUITests.swift */,
				738BD2F22234A771007D94D9 /* Info.plist */,
			);
			path = MyTodosAppSyncAppUITests;
			sourceTree = "<group>";
		};
/* End PBXGroup section */

/* Begin PBXNativeTarget section */
		738BD2C92234A76E007D94D9 /* MyTodosAppSyncApp */ = {
			isa = PBXNativeTarget;
			buildConfigurationList = 738BD2F52234A772007D94D9 /* Build configuration list for PBXNativeTarget "MyTodosAppSyncApp" */;
			buildPhases = (
				738BD2C62234A76E007D94D9 /* Sources */,
				738BD2C72234A76E007D94D9 /* Frameworks */,
				738BD2C82234A76E007D94D9 /* Resources */,
			);
			buildRules = (
			);
			dependencies = (
			);
			name = MyTodosAppSyncApp;
			productName = MyTodosAppSyncApp;
			productReference = 738BD2CA2234A76E007D94D9 /* MyTodosAppSyncApp.app */;
			productType = "com.apple.product-type.application";
		};
		738BD2E02234A771007D94D9 /* MyTodosAppSyncAppTests */ = {
			isa = PBXNativeTarget;
			buildConfigurationList = 738BD2F82234A772007D94D9 /* Build configuration list for PBXNativeTarget "MyTodosAppSyncAppTests" */;
			buildPhases = (
				738BD2DD2234A771007D94D9 /* Sources */,
				738BD2DE2234A771007D94D9 /* Frameworks */,
				738BD2DF2234A771007D94D9 /* Resources */,
			);
			buildRules = (
			);
			dependencies = (
				738BD2E32234A771007D94D9 /* PBXTargetDependency */,
			);
			name = MyTodosAppSyncAppTests;
			productName = MyTodosAppSyncAppTests;
			productReference = 738BD2E12234A771007D94D9 /* MyTodosAppSyncAppTests.xctest */;
			productType = "com.apple.product-type.bundle.unit-test";
		};
		738BD2EB2234A771007D94D9 /* MyTodosAppSyncAppUITests */ = {
			isa = PBXNativeTarget;
			buildConfigurationList = 738BD2FB2234A772007D94D9 /* Build configuration list for PBXNativeTarget "MyTodosAppSyncAppUITests" */;
			buildPhases = (
				738BD2E82234A771007D94D9 /* Sources */,
				738BD2E92234A771007D94D9 /* Frameworks */,
				738BD2EA2234A771007D94D9 /* Resources */,
			);
			buildRules = (
			);
			dependencies = (
				738BD2EE2234A771007D94D9 /* PBXTargetDependency */,
			);
			name = MyTodosAppSyncAppUITests;
			productName = MyTodosAppSyncAppUITests;
			productReference = 738BD2EC2234A771007D94D9 /* MyTodosAppSyncAppUITests.xctest */;
			productType = "com.apple.product-type.bundle.ui-testing";
		};
/* End PBXNativeTarget section */

/* Begin PBXProject section */
		738BD2C22234A76E007D94D9 /* Project object */ = {
			isa = PBXProject;
			attributes = {
				LastSwiftUpdateCheck = 1010;
				LastUpgradeCheck = 1010;
				ORGANIZATIONNAME = "Lawrence Nickerson";
				TargetAttributes = {
					738BD2C92234A76E007D94D9 = {
						CreatedOnToolsVersion = 10.1;
					};
					738BD2E02234A771007D94D9 = {
						CreatedOnToolsVersion = 10.1;
						TestTargetID = 738BD2C92234A76E007D94D9;
					};
					738BD2EB2234A771007D94D9 = {
						CreatedOnToolsVersion = 10.1;
						TestTargetID = 738BD2C92234A76E007D94D9;
					};
				};
			};
			buildConfigurationList = 738BD2C52234A76E007D94D9 /* Build configuration list for PBXProject "MyTodosAppSyncApp" */;
			compatibilityVersion = "Xcode 9.3";
			developmentRegion = en;
			hasScannedForEncodings = 0;
			knownRegions = (
				en,
				Base,
			);
			mainGroup = 738BD2C12234A76E007D94D9;
			productRefGroup = 738BD2CB2234A76E007D94D9 /* Products */;
			projectDirPath = "";
			projectRoot = "";
			targets = (
				738BD2C92234A76E007D94D9 /* MyTodosAppSyncApp */,
				738BD2E02234A771007D94D9 /* MyTodosAppSyncAppTests */,
				738BD2EB2234A771007D94D9 /* MyTodosAppSyncAppUITests */,
			);
		};
/* End PBXProject section */

/* Begin PBXResourcesBuildPhase section */
		738BD2C82234A76E007D94D9 /* Resources */ = {
			isa = PBXResourcesBuildPhase;
			buildActionMask = 2147483647;
			files = (
				738BD2DB2234A771007D94D9 /* LaunchScreen.storyboard in Resources */,
				738BD2D82234A771007D94D9 /* Assets.xcassets in Resources */,
				738BD2D32234A76E007D94D9 /* Main.storyboard in Resources */,
			);
			runOnlyForDeploymentPostprocessing = 0;
		};
		738BD2DF2234A771007D94D9 /* Resources */ = {
			isa = PBXResourcesBuildPhase;
			buildActionMask = 2147483647;
			files = (
			);
			runOnlyForDeploymentPostprocessing = 0;
		};
		738BD2EA2234A771007D94D9 /* Resources */ = {
			isa = PBXResourcesBuildPhase;
			buildActionMask = 2147483647;
			files = (
			);
			runOnlyForDeploymentPostprocessing = 0;
		};
/* End PBXResourcesBuildPhase section */

/* Begin PBXSourcesBuildPhase section */
		738BD2C62234A76E007D94D9 /* Sources */ = {
			isa = PBXSourcesBuildPhase;
			buildActionMask = 2147483647;
			files = (
				738BD2D62234A76E007D94D9 /* MyTodosAppSyncApp.xcdatamodeld in Sources */,
				738BD2D02234A76E007D94D9 /* ViewController.swift in Sources */,
				738BD2CE2234A76E007D94D9 /* AppDelegate.swift in Sources */,
			);
			runOnlyForDeploymentPostprocessing = 0;
		};
		738BD2DD2234A771007D94D9 /* Sources */ = {
			isa = PBXSourcesBuildPhase;
			buildActionMask = 2147483647;
			files = (
				738BD2E62234A771007D94D9 /* MyTodosAppSyncAppTests.swift in Sources */,
			);
			runOnlyForDeploymentPostprocessing = 0;
		};
		738BD2E82234A771007D94D9 /* Sources */ = {
			isa = PBXSourcesBuildPhase;
			buildActionMask = 2147483647;
			files = (
				738BD2F12234A771007D94D9 /* MyTodosAppSyncAppUITests.swift in Sources */,
			);
			runOnlyForDeploymentPostprocessing = 0;
		};
/* End PBXSourcesBuildPhase section */

/* Begin PBXTargetDependency section */
		738BD2E32234A771007D94D9 /* PBXTargetDependency */ = {
			isa = PBXTargetDependency;
			target = 738BD2C92234A76E007D94D9 /* MyTodosAppSyncApp */;
			targetProxy = 738BD2E22234A771007D94D9 /* PBXContainerItemProxy */;
		};
		738BD2EE2234A771007D94D9 /* PBXTargetDependency */ = {
			isa = PBXTargetDependency;
			target = 738BD2C92234A76E007D94D9 /* MyTodosAppSyncApp */;
			targetProxy = 738BD2ED2234A771007D94D9 /* PBXContainerItemProxy */;
		};
/* End PBXTargetDependency section */

/* Begin PBXVariantGroup section */
		738BD2D12234A76E007D94D9 /* Main.storyboard */ = {
			isa = PBXVariantGroup;
			children = (
				738BD2D22234A76E007D94D9 /* Base */,
			);
			name = Main.storyboard;
			sourceTree = "<group>";
		};
		738BD2D92234A771007D94D9 /* LaunchScreen.storyboard */ = {
			isa = PBXVariantGroup;
			children = (
				738BD2DA2234A771007D94D9 /* Base */,
			);
			name = LaunchScreen.storyboard;
			sourceTree = "<group>";
		};
/* End PBXVariantGroup section */

/* Begin XCBuildConfiguration section */
		738BD2F32234A771007D94D9 /* Debug */ = {
			isa = XCBuildConfiguration;
			buildSettings = {
				ALWAYS_SEARCH_USER_PATHS = NO;
				CLANG_ANALYZER_NONNULL = YES;
				CLANG_ANALYZER_NUMBER_OBJECT_CONVERSION = YES_AGGRESSIVE;
				CLANG_CXX_LANGUAGE_STANDARD = "gnu++14";
				CLANG_CXX_LIBRARY = "libc++";
				CLANG_ENABLE_MODULES = YES;
				CLANG_ENABLE_OBJC_ARC = YES;
				CLANG_ENABLE_OBJC_WEAK = YES;
				CLANG_WARN_BLOCK_CAPTURE_AUTORELEASING = YES;
				CLANG_WARN_BOOL_CONVERSION = YES;
				CLANG_WARN_COMMA = YES;
				CLANG_WARN_CONSTANT_CONVERSION = YES;
				CLANG_WARN_DEPRECATED_OBJC_IMPLEMENTATIONS = YES;
				CLANG_WARN_DIRECT_OBJC_ISA_USAGE = YES_ERROR;
				CLANG_WARN_DOCUMENTATION_COMMENTS = YES;
				CLANG_WARN_EMPTY_BODY = YES;
				CLANG_WARN_ENUM_CONVERSION = YES;
				CLANG_WARN_INFINITE_RECURSION = YES;
				CLANG_WARN_INT_CONVERSION = YES;
				CLANG_WARN_NON_LITERAL_NULL_CONVERSION = YES;
				CLANG_WARN_OBJC_IMPLICIT_RETAIN_SELF = YES;
				CLANG_WARN_OBJC_LITERAL_CONVERSION = YES;
				CLANG_WARN_OBJC_ROOT_CLASS = YES_ERROR;
				CLANG_WARN_RANGE_LOOP_ANALYSIS = YES;
				CLANG_WARN_STRICT_PROTOTYPES = YES;
				CLANG_WARN_SUSPICIOUS_MOVE = YES;
				CLANG_WARN_UNGUARDED_AVAILABILITY = YES_AGGRESSIVE;
				CLANG_WARN_UNREACHABLE_CODE = YES;
				CLANG_WARN__DUPLICATE_METHOD_MATCH = YES;
				CODE_SIGN_IDENTITY = "iPhone Developer";
				COPY_PHASE_STRIP = NO;
				DEBUG_INFORMATION_FORMAT = dwarf;
				ENABLE_STRICT_OBJC_MSGSEND = YES;
				ENABLE_TESTABILITY = YES;
				GCC_C_LANGUAGE_STANDARD = gnu11;
				GCC_DYNAMIC_NO_PIC = NO;
				GCC_NO_COMMON_BLOCKS = YES;
				GCC_OPTIMIZATION_LEVEL = 0;
				GCC_PREPROCESSOR_DEFINITIONS = (
					"DEBUG=1",
					"$(inherited)",
				);
				GCC_WARN_64_TO_32_BIT_CONVERSION = YES;
				GCC_WARN_ABOUT_RETURN_TYPE = YES_ERROR;
				GCC_WARN_UNDECLARED_SELECTOR = YES;
				GCC_WARN_UNINITIALIZED_AUTOS = YES_AGGRESSIVE;
				GCC_WARN_UNUSED_FUNCTION = YES;
				GCC_WARN_UNUSED_VARIABLE = YES;
				IPHONEOS_DEPLOYMENT_TARGET = 12.1;
				MTL_ENABLE_DEBUG_INFO = INCLUDE_SOURCE;
				MTL_FAST_MATH = YES;
				ONLY_ACTIVE_ARCH = YES;
				SDKROOT = iphoneos;
				SWIFT_ACTIVE_COMPILATION_CONDITIONS = DEBUG;
				SWIFT_OPTIMIZATION_LEVEL = "-Onone";
			};
			name = Debug;
		};
		738BD2F42234A771007D94D9 /* Release */ = {
			isa = XCBuildConfiguration;
			buildSettings = {
				ALWAYS_SEARCH_USER_PATHS = NO;
				CLANG_ANALYZER_NONNULL = YES;
				CLANG_ANALYZER_NUMBER_OBJECT_CONVERSION = YES_AGGRESSIVE;
				CLANG_CXX_LANGUAGE_STANDARD = "gnu++14";
				CLANG_CXX_LIBRARY = "libc++";
				CLANG_ENABLE_MODULES = YES;
				CLANG_ENABLE_OBJC_ARC = YES;
				CLANG_ENABLE_OBJC_WEAK = YES;
				CLANG_WARN_BLOCK_CAPTURE_AUTORELEASING = YES;
				CLANG_WARN_BOOL_CONVERSION = YES;
				CLANG_WARN_COMMA = YES;
				CLANG_WARN_CONSTANT_CONVERSION = YES;
				CLANG_WARN_DEPRECATED_OBJC_IMPLEMENTATIONS = YES;
				CLANG_WARN_DIRECT_OBJC_ISA_USAGE = YES_ERROR;
				CLANG_WARN_DOCUMENTATION_COMMENTS = YES;
				CLANG_WARN_EMPTY_BODY = YES;
				CLANG_WARN_ENUM_CONVERSION = YES;
				CLANG_WARN_INFINITE_RECURSION = YES;
				CLANG_WARN_INT_CONVERSION = YES;
				CLANG_WARN_NON_LITERAL_NULL_CONVERSION = YES;
				CLANG_WARN_OBJC_IMPLICIT_RETAIN_SELF = YES;
				CLANG_WARN_OBJC_LITERAL_CONVERSION = YES;
				CLANG_WARN_OBJC_ROOT_CLASS = YES_ERROR;
				CLANG_WARN_RANGE_LOOP_ANALYSIS = YES;
				CLANG_WARN_STRICT_PROTOTYPES = YES;
				CLANG_WARN_SUSPICIOUS_MOVE = YES;
				CLANG_WARN_UNGUARDED_AVAILABILITY = YES_AGGRESSIVE;
				CLANG_WARN_UNREACHABLE_CODE = YES;
				CLANG_WARN__DUPLICATE_METHOD_MATCH = YES;
				CODE_SIGN_IDENTITY = "iPhone Developer";
				COPY_PHASE_STRIP = NO;
				DEBUG_INFORMATION_FORMAT = "dwarf-with-dsym";
				ENABLE_NS_ASSERTIONS = NO;
				ENABLE_STRICT_OBJC_MSGSEND = YES;
				GCC_C_LANGUAGE_STANDARD = gnu11;
				GCC_NO_COMMON_BLOCKS = YES;
				GCC_WARN_64_TO_32_BIT_CONVERSION = YES;
				GCC_WARN_ABOUT_RETURN_TYPE = YES_ERROR;
				GCC_WARN_UNDECLARED_SELECTOR = YES;
				GCC_WARN_UNINITIALIZED_AUTOS = YES_AGGRESSIVE;
				GCC_WARN_UNUSED_FUNCTION = YES;
				GCC_WARN_UNUSED_VARIABLE = YES;
				IPHONEOS_DEPLOYMENT_TARGET = 12.1;
				MTL_ENABLE_DEBUG_INFO = NO;
				MTL_FAST_MATH = YES;
				SDKROOT = iphoneos;
				SWIFT_COMPILATION_MODE = wholemodule;
				SWIFT_OPTIMIZATION_LEVEL = "-O";
				VALIDATE_PRODUCT = YES;
			};
			name = Release;
		};
		738BD2F62234A772007D94D9 /* Debug */ = {
			isa = XCBuildConfiguration;
			buildSettings = {
				ASSETCATALOG_COMPILER_APPICON_NAME = AppIcon;
				CODE_SIGN_STYLE = Automatic;
				DEVELOPMENT_TEAM = 7R57VS437T;
				INFOPLIST_FILE = MyTodosAppSyncApp/Info.plist;
				LD_RUNPATH_SEARCH_PATHS = (
					"$(inherited)",
					"@executable_path/Frameworks",
				);
				PRODUCT_BUNDLE_IDENTIFIER = com.inViRtStudios.MyTodosAppSyncApp;
				PRODUCT_NAME = "$(TARGET_NAME)";
				SWIFT_VERSION = 4.2;
				TARGETED_DEVICE_FAMILY = "1,2";
			};
			name = Debug;
		};
		738BD2F72234A772007D94D9 /* Release */ = {
			isa = XCBuildConfiguration;
			buildSettings = {
				ASSETCATALOG_COMPILER_APPICON_NAME = AppIcon;
				CODE_SIGN_STYLE = Automatic;
				DEVELOPMENT_TEAM = 7R57VS437T;
				INFOPLIST_FILE = MyTodosAppSyncApp/Info.plist;
				LD_RUNPATH_SEARCH_PATHS = (
					"$(inherited)",
					"@executable_path/Frameworks",
				);
				PRODUCT_BUNDLE_IDENTIFIER = com.inViRtStudios.MyTodosAppSyncApp;
				PRODUCT_NAME = "$(TARGET_NAME)";
				SWIFT_VERSION = 4.2;
				TARGETED_DEVICE_FAMILY = "1,2";
			};
			name = Release;
		};
		738BD2F92234A772007D94D9 /* Debug */ = {
			isa = XCBuildConfiguration;
			buildSettings = {
				ALWAYS_EMBED_SWIFT_STANDARD_LIBRARIES = YES;
				BUNDLE_LOADER = "$(TEST_HOST)";
				CODE_SIGN_STYLE = Automatic;
				DEVELOPMENT_TEAM = 7R57VS437T;
				INFOPLIST_FILE = MyTodosAppSyncAppTests/Info.plist;
				LD_RUNPATH_SEARCH_PATHS = (
					"$(inherited)",
					"@executable_path/Frameworks",
					"@loader_path/Frameworks",
				);
				PRODUCT_BUNDLE_IDENTIFIER = com.inViRtStudios.MyTodosAppSyncAppTests;
				PRODUCT_NAME = "$(TARGET_NAME)";
				SWIFT_VERSION = 4.2;
				TARGETED_DEVICE_FAMILY = "1,2";
				TEST_HOST = "$(BUILT_PRODUCTS_DIR)/MyTodosAppSyncApp.app/MyTodosAppSyncApp";
			};
			name = Debug;
		};
		738BD2FA2234A772007D94D9 /* Release */ = {
			isa = XCBuildConfiguration;
			buildSettings = {
				ALWAYS_EMBED_SWIFT_STANDARD_LIBRARIES = YES;
				BUNDLE_LOADER = "$(TEST_HOST)";
				CODE_SIGN_STYLE = Automatic;
				DEVELOPMENT_TEAM = 7R57VS437T;
				INFOPLIST_FILE = MyTodosAppSyncAppTests/Info.plist;
				LD_RUNPATH_SEARCH_PATHS = (
					"$(inherited)",
					"@executable_path/Frameworks",
					"@loader_path/Frameworks",
				);
				PRODUCT_BUNDLE_IDENTIFIER = com.inViRtStudios.MyTodosAppSyncAppTests;
				PRODUCT_NAME = "$(TARGET_NAME)";
				SWIFT_VERSION = 4.2;
				TARGETED_DEVICE_FAMILY = "1,2";
				TEST_HOST = "$(BUILT_PRODUCTS_DIR)/MyTodosAppSyncApp.app/MyTodosAppSyncApp";
			};
			name = Release;
		};
		738BD2FC2234A772007D94D9 /* Debug */ = {
			isa = XCBuildConfiguration;
			buildSettings = {
				ALWAYS_EMBED_SWIFT_STANDARD_LIBRARIES = YES;
				CODE_SIGN_STYLE = Automatic;
				DEVELOPMENT_TEAM = 7R57VS437T;
				INFOPLIST_FILE = MyTodosAppSyncAppUITests/Info.plist;
				LD_RUNPATH_SEARCH_PATHS = (
					"$(inherited)",
					"@executable_path/Frameworks",
					"@loader_path/Frameworks",
				);
				PRODUCT_BUNDLE_IDENTIFIER = com.inViRtStudios.MyTodosAppSyncAppUITests;
				PRODUCT_NAME = "$(TARGET_NAME)";
				SWIFT_VERSION = 4.2;
				TARGETED_DEVICE_FAMILY = "1,2";
				TEST_TARGET_NAME = MyTodosAppSyncApp;
			};
			name = Debug;
		};
		738BD2FD2234A772007D94D9 /* Release */ = {
			isa = XCBuildConfiguration;
			buildSettings = {
				ALWAYS_EMBED_SWIFT_STANDARD_LIBRARIES = YES;
				CODE_SIGN_STYLE = Automatic;
				DEVELOPMENT_TEAM = 7R57VS437T;
				INFOPLIST_FILE = MyTodosAppSyncAppUITests/Info.plist;
				LD_RUNPATH_SEARCH_PATHS = (
					"$(inherited)",
					"@executable_path/Frameworks",
					"@loader_path/Frameworks",
				);
				PRODUCT_BUNDLE_IDENTIFIER = com.inViRtStudios.MyTodosAppSyncAppUITests;
				PRODUCT_NAME = "$(TARGET_NAME)";
				SWIFT_VERSION = 4.2;
				TARGETED_DEVICE_FAMILY = "1,2";
				TEST_TARGET_NAME = MyTodosAppSyncApp;
			};
			name = Release;
		};
/* End XCBuildConfiguration section */

/* Begin XCConfigurationList section */
		738BD2C52234A76E007D94D9 /* Build configuration list for PBXProject "MyTodosAppSyncApp" */ = {
			isa = XCConfigurationList;
			buildConfigurations = (
				738BD2F32234A771007D94D9 /* Debug */,
				738BD2F42234A771007D94D9 /* Release */,
			);
			defaultConfigurationIsVisible = 0;
			defaultConfigurationName = Release;
		};
		738BD2F52234A772007D94D9 /* Build configuration list for PBXNativeTarget "MyTodosAppSyncApp" */ = {
			isa = XCConfigurationList;
			buildConfigurations = (
				738BD2F62234A772007D94D9 /* Debug */,
				738BD2F72234A772007D94D9 /* Release */,
			);
			defaultConfigurationIsVisible = 0;
			defaultConfigurationName = Release;
		};
		738BD2F82234A772007D94D9 /* Build configuration list for PBXNativeTarget "MyTodosAppSyncAppTests" */ = {
			isa = XCConfigurationList;
			buildConfigurations = (
				738BD2F92234A772007D94D9 /* Debug */,
				738BD2FA2234A772007D94D9 /* Release */,
			);
			defaultConfigurationIsVisible = 0;
			defaultConfigurationName = Release;
		};
		738BD2FB2234A772007D94D9 /* Build configuration list for PBXNativeTarget "MyTodosAppSyncAppUITests" */ = {
			isa = XCConfigurationList;
			buildConfigurations = (
				738BD2FC2234A772007D94D9 /* Debug */,
				738BD2FD2234A772007D94D9 /* Release */,
			);
			defaultConfigurationIsVisible = 0;
			defaultConfigurationName = Release;
		};
/* End XCConfigurationList section */

/* Begin XCVersionGroup section */
		738BD2D42234A76E007D94D9 /* MyTodosAppSyncApp.xcdatamodeld */ = {
			isa = XCVersionGroup;
			children = (
				738BD2D52234A76E007D94D9 /* MyTodosAppSyncApp.xcdatamodel */,
			);
			currentVersion = 738BD2D52234A76E007D94D9 /* MyTodosAppSyncApp.xcdatamodel */;
			path = MyTodosAppSyncApp.xcdatamodeld;
			sourceTree = "<group>";
			versionGroupType = wrapper.xcdatamodel;
		};
/* End XCVersionGroup section */
	};
	rootObject = 738BD2C22234A76E007D94D9 /* Project object */;
}
